// !$*UTF8*$!
{
	archiveVersion = 1;
	classes = {
	};
	objectVersion = 46;
	objects = {

/* Begin PBXBuildFile section */
		934CC9B41CE00E6900DB84F7 /* AppDelegate.swift in Sources */ = {isa = PBXBuildFile; fileRef = 934CC9B31CE00E6900DB84F7 /* AppDelegate.swift */; };
		934CC9B61CE00E6900DB84F7 /* ViewController.swift in Sources */ = {isa = PBXBuildFile; fileRef = 934CC9B51CE00E6900DB84F7 /* ViewController.swift */; };
		934CC9B91CE00E6900DB84F7 /* Main.storyboard in Resources */ = {isa = PBXBuildFile; fileRef = 934CC9B71CE00E6900DB84F7 /* Main.storyboard */; };
		934CC9BB1CE00E6900DB84F7 /* Assets.xcassets in Resources */ = {isa = PBXBuildFile; fileRef = 934CC9BA1CE00E6900DB84F7 /* Assets.xcassets */; };
		934CC9BE1CE00E6900DB84F7 /* LaunchScreen.storyboard in Resources */ = {isa = PBXBuildFile; fileRef = 934CC9BC1CE00E6900DB84F7 /* LaunchScreen.storyboard */; };
		934CC9C91CE00E6900DB84F7 /* A_R_C_Computer_SupportTests.swift in Sources */ = {isa = PBXBuildFile; fileRef = 934CC9C81CE00E6900DB84F7 /* A_R_C_Computer_SupportTests.swift */; };
		934CC9D41CE00E6900DB84F7 /* A_R_C_Computer_SupportUITests.swift in Sources */ = {isa = PBXBuildFile; fileRef = 934CC9D31CE00E6900DB84F7 /* A_R_C_Computer_SupportUITests.swift */; };
/* End PBXBuildFile section */

/* Begin PBXContainerItemProxy section */
		934CC9C51CE00E6900DB84F7 /* PBXContainerItemProxy */ = {
			isa = PBXContainerItemProxy;
			containerPortal = 934CC9A81CE00E6800DB84F7 /* Project object */;
			proxyType = 1;
			remoteGlobalIDString = 934CC9AF1CE00E6800DB84F7;
			remoteInfo = "A.R.C Computer Support";
		};
		934CC9D01CE00E6900DB84F7 /* PBXContainerItemProxy */ = {
			isa = PBXContainerItemProxy;
			containerPortal = 934CC9A81CE00E6800DB84F7 /* Project object */;
			proxyType = 1;
			remoteGlobalIDString = 934CC9AF1CE00E6800DB84F7;
			remoteInfo = "A.R.C Computer Support";
		};
/* End PBXContainerItemProxy section */

/* Begin PBXFileReference section */
		934CC9B01CE00E6800DB84F7 /* A.R.C Computer Support.app */ = {isa = PBXFileReference; explicitFileType = wrapper.application; includeInIndex = 0; path = "A.R.C Computer Support.app"; sourceTree = BUILT_PRODUCTS_DIR; };
		934CC9B31CE00E6900DB84F7 /* AppDelegate.swift */ = {isa = PBXFileReference; lastKnownFileType = sourcecode.swift; path = AppDelegate.swift; sourceTree = "<group>"; };
		934CC9B51CE00E6900DB84F7 /* ViewController.swift */ = {isa = PBXFileReference; lastKnownFileType = sourcecode.swift; path = ViewController.swift; sourceTree = "<group>"; };
		934CC9B81CE00E6900DB84F7 /* Base */ = {isa = PBXFileReference; lastKnownFileType = file.storyboard; name = Base; path = Base.lproj/Main.storyboard; sourceTree = "<group>"; };
		934CC9BA1CE00E6900DB84F7 /* Assets.xcassets */ = {isa = PBXFileReference; lastKnownFileType = folder.assetcatalog; path = Assets.xcassets; sourceTree = "<group>"; };
		934CC9BD1CE00E6900DB84F7 /* Base */ = {isa = PBXFileReference; lastKnownFileType = file.storyboard; name = Base; path = Base.lproj/LaunchScreen.storyboard; sourceTree = "<group>"; };
		934CC9BF1CE00E6900DB84F7 /* Info.plist */ = {isa = PBXFileReference; lastKnownFileType = text.plist.xml; path = Info.plist; sourceTree = "<group>"; };
		934CC9C41CE00E6900DB84F7 /* A.R.C Computer SupportTests.xctest */ = {isa = PBXFileReference; explicitFileType = wrapper.cfbundle; includeInIndex = 0; path = "A.R.C Computer SupportTests.xctest"; sourceTree = BUILT_PRODUCTS_DIR; };
		934CC9C81CE00E6900DB84F7 /* A_R_C_Computer_SupportTests.swift */ = {isa = PBXFileReference; lastKnownFileType = sourcecode.swift; path = A_R_C_Computer_SupportTests.swift; sourceTree = "<group>"; };
		934CC9CA1CE00E6900DB84F7 /* Info.plist */ = {isa = PBXFileReference; lastKnownFileType = text.plist.xml; path = Info.plist; sourceTree = "<group>"; };
		934CC9CF1CE00E6900DB84F7 /* A.R.C Computer SupportUITests.xctest */ = {isa = PBXFileReference; explicitFileType = wrapper.cfbundle; includeInIndex = 0; path = "A.R.C Computer SupportUITests.xctest"; sourceTree = BUILT_PRODUCTS_DIR; };
		934CC9D31CE00E6900DB84F7 /* A_R_C_Computer_SupportUITests.swift */ = {isa = PBXFileReference; lastKnownFileType = sourcecode.swift; path = A_R_C_Computer_SupportUITests.swift; sourceTree = "<group>"; };
		934CC9D51CE00E6900DB84F7 /* Info.plist */ = {isa = PBXFileReference; lastKnownFileType = text.plist.xml; path = Info.plist; sourceTree = "<group>"; };
/* End PBXFileReference section */

/* Begin PBXFrameworksBuildPhase section */
		934CC9AD1CE00E6800DB84F7 /* Frameworks */ = {
			isa = PBXFrameworksBuildPhase;
			buildActionMask = 2147483647;
			files = (
			);
			runOnlyForDeploymentPostprocessing = 0;
		};
		934CC9C11CE00E6900DB84F7 /* Frameworks */ = {
			isa = PBXFrameworksBuildPhase;
			buildActionMask = 2147483647;
			files = (
			);
			runOnlyForDeploymentPostprocessing = 0;
		};
		934CC9CC1CE00E6900DB84F7 /* Frameworks */ = {
			isa = PBXFrameworksBuildPhase;
			buildActionMask = 2147483647;
			files = (
			);
			runOnlyForDeploymentPostprocessing = 0;
		};
/* End PBXFrameworksBuildPhase section */

/* Begin PBXGroup section */
		934CC9A71CE00E6800DB84F7 = {
			isa = PBXGroup;
			children = (
				934CC9B21CE00E6900DB84F7 /* A.R.C Computer Support */,
				934CC9C71CE00E6900DB84F7 /* A.R.C Computer SupportTests */,
				934CC9D21CE00E6900DB84F7 /* A.R.C Computer SupportUITests */,
				934CC9B11CE00E6800DB84F7 /* Products */,
			);
			sourceTree = "<group>";
		};
		934CC9B11CE00E6800DB84F7 /* Products */ = {
			isa = PBXGroup;
			children = (
				934CC9B01CE00E6800DB84F7 /* A.R.C Computer Support.app */,
				934CC9C41CE00E6900DB84F7 /* A.R.C Computer SupportTests.xctest */,
				934CC9CF1CE00E6900DB84F7 /* A.R.C Computer SupportUITests.xctest */,
			);
			name = Products;
			sourceTree = "<group>";
		};
		934CC9B21CE00E6900DB84F7 /* A.R.C Computer Support */ = {
			isa = PBXGroup;
			children = (
				934CC9B31CE00E6900DB84F7 /* AppDelegate.swift */,
				934CC9B51CE00E6900DB84F7 /* ViewController.swift */,
				934CC9B71CE00E6900DB84F7 /* Main.storyboard */,
				934CC9BA1CE00E6900DB84F7 /* Assets.xcassets */,
				934CC9BC1CE00E6900DB84F7 /* LaunchScreen.storyboard */,
				934CC9BF1CE00E6900DB84F7 /* Info.plist */,
			);
			path = "A.R.C Computer Support";
			sourceTree = "<group>";
		};
		934CC9C71CE00E6900DB84F7 /* A.R.C Computer SupportTests */ = {
			isa = PBXGroup;
			children = (
				934CC9C81CE00E6900DB84F7 /* A_R_C_Computer_SupportTests.swift */,
				934CC9CA1CE00E6900DB84F7 /* Info.plist */,
			);
			path = "A.R.C Computer SupportTests";
			sourceTree = "<group>";
		};
		934CC9D21CE00E6900DB84F7 /* A.R.C Computer SupportUITests */ = {
			isa = PBXGroup;
			children = (
				934CC9D31CE00E6900DB84F7 /* A_R_C_Computer_SupportUITests.swift */,
				934CC9D51CE00E6900DB84F7 /* Info.plist */,
			);
			path = "A.R.C Computer SupportUITests";
			sourceTree = "<group>";
		};
/* End PBXGroup section */

/* Begin PBXNativeTarget section */
		934CC9AF1CE00E6800DB84F7 /* A.R.C Computer Support */ = {
			isa = PBXNativeTarget;
			buildConfigurationList = 934CC9D81CE00E6900DB84F7 /* Build configuration list for PBXNativeTarget "A.R.C Computer Support" */;
			buildPhases = (
				934CC9AC1CE00E6800DB84F7 /* Sources */,
				934CC9AD1CE00E6800DB84F7 /* Frameworks */,
				934CC9AE1CE00E6800DB84F7 /* Resources */,
			);
			buildRules = (
			);
			dependencies = (
			);
			name = "A.R.C Computer Support";
			productName = "A.R.C Computer Support";
			productReference = 934CC9B01CE00E6800DB84F7 /* A.R.C Computer Support.app */;
			productType = "com.apple.product-type.application";
		};
		934CC9C31CE00E6900DB84F7 /* A.R.C Computer SupportTests */ = {
			isa = PBXNativeTarget;
			buildConfigurationList = 934CC9DB1CE00E6900DB84F7 /* Build configuration list for PBXNativeTarget "A.R.C Computer SupportTests" */;
			buildPhases = (
				934CC9C01CE00E6900DB84F7 /* Sources */,
				934CC9C11CE00E6900DB84F7 /* Frameworks */,
				934CC9C21CE00E6900DB84F7 /* Resources */,
			);
			buildRules = (
			);
			dependencies = (
				934CC9C61CE00E6900DB84F7 /* PBXTargetDependency */,
			);
			name = "A.R.C Computer SupportTests";
			productName = "A.R.C Computer SupportTests";
			productReference = 934CC9C41CE00E6900DB84F7 /* A.R.C Computer SupportTests.xctest */;
			productType = "com.apple.product-type.bundle.unit-test";
		};
		934CC9CE1CE00E6900DB84F7 /* A.R.C Computer SupportUITests */ = {
			isa = PBXNativeTarget;
			buildConfigurationList = 934CC9DE1CE00E6900DB84F7 /* Build configuration list for PBXNativeTarget "A.R.C Computer SupportUITests" */;
			buildPhases = (
				934CC9CB1CE00E6900DB84F7 /* Sources */,
				934CC9CC1CE00E6900DB84F7 /* Frameworks */,
				934CC9CD1CE00E6900DB84F7 /* Resources */,
			);
			buildRules = (
			);
			dependencies = (
				934CC9D11CE00E6900DB84F7 /* PBXTargetDependency */,
			);
			name = "A.R.C Computer SupportUITests";
			productName = "A.R.C Computer SupportUITests";
			productReference = 934CC9CF1CE00E6900DB84F7 /* A.R.C Computer SupportUITests.xctest */;
			productType = "com.apple.product-type.bundle.ui-testing";
		};
/* End PBXNativeTarget section */

/* Begin PBXProject section */
		934CC9A81CE00E6800DB84F7 /* Project object */ = {
			isa = PBXProject;
			attributes = {
				LastSwiftUpdateCheck = 0720;
				LastUpgradeCheck = 0720;
				ORGANIZATIONNAME = "A.R.C software and enginering";
				TargetAttributes = {
					934CC9AF1CE00E6800DB84F7 = {
						CreatedOnToolsVersion = 7.2;
						DevelopmentTeam = 2U2K8SJ7Q7;
					};
					934CC9C31CE00E6900DB84F7 = {
						CreatedOnToolsVersion = 7.2;
						TestTargetID = 934CC9AF1CE00E6800DB84F7;
					};
					934CC9CE1CE00E6900DB84F7 = {
						CreatedOnToolsVersion = 7.2;
						TestTargetID = 934CC9AF1CE00E6800DB84F7;
					};
				};
			};
			buildConfigurationList = 934CC9AB1CE00E6800DB84F7 /* Build configuration list for PBXProject "A.R.C Computer Support" */;
			compatibilityVersion = "Xcode 3.2";
			developmentRegion = English;
			hasScannedForEncodings = 0;
			knownRegions = (
				en,
				Base,
			);
			mainGroup = 934CC9A71CE00E6800DB84F7;
			productRefGroup = 934CC9B11CE00E6800DB84F7 /* Products */;
			projectDirPath = "";
			projectRoot = "";
			targets = (
				934CC9AF1CE00E6800DB84F7 /* A.R.C Computer Support */,
				934CC9C31CE00E6900DB84F7 /* A.R.C Computer SupportTests */,
				934CC9CE1CE00E6900DB84F7 /* A.R.C Computer SupportUITests */,
			);
		};
/* End PBXProject section */

/* Begin PBXResourcesBuildPhase section */
		934CC9AE1CE00E6800DB84F7 /* Resources */ = {
			isa = PBXResourcesBuildPhase;
			buildActionMask = 2147483647;
			files = (
				934CC9BE1CE00E6900DB84F7 /* LaunchScreen.storyboard in Resources */,
				934CC9BB1CE00E6900DB84F7 /* Assets.xcassets in Resources */,
				934CC9B91CE00E6900DB84F7 /* Main.storyboard in Resources */,
			);
			runOnlyForDeploymentPostprocessing = 0;
		};
		934CC9C21CE00E6900DB84F7 /* Resources */ = {
			isa = PBXResourcesBuildPhase;
			buildActionMask = 2147483647;
			files = (
			);
			runOnlyForDeploymentPostprocessing = 0;
		};
		934CC9CD1CE00E6900DB84F7 /* Resources */ = {
			isa = PBXResourcesBuildPhase;
			buildActionMask = 2147483647;
			files = (
			);
			runOnlyForDeploymentPostprocessing = 0;
		};
/* End PBXResourcesBuildPhase section */

/* Begin PBXSourcesBuildPhase section */
		934CC9AC1CE00E6800DB84F7 /* Sources */ = {
			isa = PBXSourcesBuildPhase;
			buildActionMask = 2147483647;
			files = (
				934CC9B61CE00E6900DB84F7 /* ViewController.swift in Sources */,
				934CC9B41CE00E6900DB84F7 /* AppDelegate.swift in Sources */,
			);
			runOnlyForDeploymentPostprocessing = 0;
		};
		934CC9C01CE00E6900DB84F7 /* Sources */ = {
			isa = PBXSourcesBuildPhase;
			buildActionMask = 2147483647;
			files = (
				934CC9C91CE00E6900DB84F7 /* A_R_C_Computer_SupportTests.swift in Sources */,
			);
			runOnlyForDeploymentPostprocessing = 0;
		};
		934CC9CB1CE00E6900DB84F7 /* Sources */ = {
			isa = PBXSourcesBuildPhase;
			buildActionMask = 2147483647;
			files = (
				934CC9D41CE00E6900DB84F7 /* A_R_C_Computer_SupportUITests.swift in Sources */,
			);
			runOnlyForDeploymentPostprocessing = 0;
		};
/* End PBXSourcesBuildPhase section */

/* Begin PBXTargetDependency section */
		934CC9C61CE00E6900DB84F7 /* PBXTargetDependency */ = {
			isa = PBXTargetDependency;
			target = 934CC9AF1CE00E6800DB84F7 /* A.R.C Computer Support */;
			targetProxy = 934CC9C51CE00E6900DB84F7 /* PBXContainerItemProxy */;
		};
		934CC9D11CE00E6900DB84F7 /* PBXTargetDependency */ = {
			isa = PBXTargetDependency;
			target = 934CC9AF1CE00E6800DB84F7 /* A.R.C Computer Support */;
			targetProxy = 934CC9D01CE00E6900DB84F7 /* PBXContainerItemProxy */;
		};
/* End PBXTargetDependency section */

/* Begin PBXVariantGroup section */
		934CC9B71CE00E6900DB84F7 /* Main.storyboard */ = {
			isa = PBXVariantGroup;
			children = (
				934CC9B81CE00E6900DB84F7 /* Base */,
			);
			name = Main.storyboard;
			sourceTree = "<group>";
		};
		934CC9BC1CE00E6900DB84F7 /* LaunchScreen.storyboard */ = {
			isa = PBXVariantGroup;
			children = (
				934CC9BD1CE00E6900DB84F7 /* Base */,
			);
			name = LaunchScreen.storyboard;
			sourceTree = "<group>";
		};
/* End PBXVariantGroup section */

/* Begin XCBuildConfiguration section */
		934CC9D61CE00E6900DB84F7 /* Debug */ = {
			isa = XCBuildConfiguration;
			buildSettings = {
				ALWAYS_SEARCH_USER_PATHS = NO;
				CLANG_CXX_LANGUAGE_STANDARD = "gnu++0x";
				CLANG_CXX_LIBRARY = "libc++";
				CLANG_ENABLE_MODULES = YES;
				CLANG_ENABLE_OBJC_ARC = YES;
				CLANG_WARN_BOOL_CONVERSION = YES;
				CLANG_WARN_CONSTANT_CONVERSION = YES;
				CLANG_WARN_DIRECT_OBJC_ISA_USAGE = YES_ERROR;
				CLANG_WARN_EMPTY_BODY = YES;
				CLANG_WARN_ENUM_CONVERSION = YES;
				CLANG_WARN_INT_CONVERSION = YES;
				CLANG_WARN_OBJC_ROOT_CLASS = YES_ERROR;
				CLANG_WARN_UNREACHABLE_CODE = YES;
				CLANG_WARN__DUPLICATE_METHOD_MATCH = YES;
				"CODE_SIGN_IDENTITY[sdk=iphoneos*]" = "iPhone Developer";
				COPY_PHASE_STRIP = NO;
				DEBUG_INFORMATION_FORMAT = dwarf;
				ENABLE_STRICT_OBJC_MSGSEND = YES;
				ENABLE_TESTABILITY = YES;
				GCC_C_LANGUAGE_STANDARD = gnu99;
				GCC_DYNAMIC_NO_PIC = NO;
				GCC_NO_COMMON_BLOCKS = YES;
				GCC_OPTIMIZATION_LEVEL = 0;
				GCC_PREPROCESSOR_DEFINITIONS = (
					"DEBUG=1",
					"$(inherited)",
				);
				GCC_WARN_64_TO_32_BIT_CONVERSION = YES;
				GCC_WARN_ABOUT_RETURN_TYPE = YES_ERROR;
				GCC_WARN_UNDECLARED_SELECTOR = YES;
				GCC_WARN_UNINITIALIZED_AUTOS = YES_AGGRESSIVE;
				GCC_WARN_UNUSED_FUNCTION = YES;
				GCC_WARN_UNUSED_VARIABLE = YES;
				IPHONEOS_DEPLOYMENT_TARGET = 9.2;
				MTL_ENABLE_DEBUG_INFO = YES;
				ONLY_ACTIVE_ARCH = YES;
				SDKROOT = iphoneos;
				SWIFT_OPTIMIZATION_LEVEL = "-Onone";
			};
			name = Debug;
		};
		934CC9D71CE00E6900DB84F7 /* Release */ = {
			isa = XCBuildConfiguration;
			buildSettings = {
				ALWAYS_SEARCH_USER_PATHS = NO;
				CLANG_CXX_LANGUAGE_STANDARD = "gnu++0x";
				CLANG_CXX_LIBRARY = "libc++";
				CLANG_ENABLE_MODULES = YES;
				CLANG_ENABLE_OBJC_ARC = YES;
				CLANG_WARN_BOOL_CONVERSION = YES;
				CLANG_WARN_CONSTANT_CONVERSION = YES;
				CLANG_WARN_DIRECT_OBJC_ISA_USAGE = YES_ERROR;
				CLANG_WARN_EMPTY_BODY = YES;
				CLANG_WARN_ENUM_CONVERSION = YES;
				CLANG_WARN_INT_CONVERSION = YES;
				CLANG_WARN_OBJC_ROOT_CLASS = YES_ERROR;
				CLANG_WARN_UNREACHABLE_CODE = YES;
				CLANG_WARN__DUPLICATE_METHOD_MATCH = YES;
				"CODE_SIGN_IDENTITY[sdk=iphoneos*]" = "iPhone Developer";
				COPY_PHASE_STRIP = NO;
				DEBUG_INFORMATION_FORMAT = "dwarf-with-dsym";
				ENABLE_NS_ASSERTIONS = NO;
				ENABLE_STRICT_OBJC_MSGSEND = YES;
				GCC_C_LANGUAGE_STANDARD = gnu99;
				GCC_NO_COMMON_BLOCKS = YES;
				GCC_WARN_64_TO_32_BIT_CONVERSION = YES;
				GCC_WARN_ABOUT_RETURN_TYPE = YES_ERROR;
				GCC_WARN_UNDECLARED_SELECTOR = YES;
				GCC_WARN_UNINITIALIZED_AUTOS = YES_AGGRESSIVE;
				GCC_WARN_UNUSED_FUNCTION = YES;
				GCC_WARN_UNUSED_VARIABLE = YES;
				IPHONEOS_DEPLOYMENT_TARGET = 9.2;
				MTL_ENABLE_DEBUG_INFO = NO;
				SDKROOT = iphoneos;
				VALIDATE_PRODUCT = YES;
			};
			name = Release;
		};
		934CC9D91CE00E6900DB84F7 /* Debug */ = {
			isa = XCBuildConfiguration;
			buildSettings = {
				ASSETCATALOG_COMPILER_APPICON_NAME = AppIcon;
				CODE_SIGN_IDENTITY = "iPhone Developer";
				INFOPLIST_FILE = "A.R.C Computer Support/Info.plist";
				LD_RUNPATH_SEARCH_PATHS = "$(inherited) @executable_path/Frameworks";
				PRODUCT_BUNDLE_IDENTIFIER = "com.arc.A-R-C-Computer-Support";
				PRODUCT_NAME = "$(TARGET_NAME)";
			};
			name = Debug;
		};
		934CC9DA1CE00E6900DB84F7 /* Release */ = {
			isa = XCBuildConfiguration;
			buildSettings = {
				ASSETCATALOG_COMPILER_APPICON_NAME = AppIcon;
				CODE_SIGN_IDENTITY = "iPhone Developer";
				INFOPLIST_FILE = "A.R.C Computer Support/Info.plist";
				LD_RUNPATH_SEARCH_PATHS = "$(inherited) @executable_path/Frameworks";
				PRODUCT_BUNDLE_IDENTIFIER = "com.arc.A-R-C-Computer-Support";
				PRODUCT_NAME = "$(TARGET_NAME)";
			};
			name = Release;
		};
		934CC9DC1CE00E6900DB84F7 /* Debug */ = {
			isa = XCBuildConfiguration;
			buildSettings = {
				BUNDLE_LOADER = "$(TEST_HOST)";
				INFOPLIST_FILE = "A.R.C Computer SupportTests/Info.plist";
				LD_RUNPATH_SEARCH_PATHS = "$(inherited) @executable_path/Frameworks @loader_path/Frameworks";
				PRODUCT_BUNDLE_IDENTIFIER = "com.arc.A-R-C-Computer-SupportTests";
				PRODUCT_NAME = "$(TARGET_NAME)";
				TEST_HOST = "$(BUILT_PRODUCTS_DIR)/A.R.C Computer Support.app/A.R.C Computer Support";
			};
			name = Debug;
		};
		934CC9DD1CE00E6900DB84F7 /* Release */ = {
			isa = XCBuildConfiguration;
			buildSettings = {
				BUNDLE_LOADER = "$(TEST_HOST)";
				INFOPLIST_FILE = "A.R.C Computer SupportTests/Info.plist";
				LD_RUNPATH_SEARCH_PATHS = "$(inherited) @executable_path/Frameworks @loader_path/Frameworks";
				PRODUCT_BUNDLE_IDENTIFIER = "com.arc.A-R-C-Computer-SupportTests";
				PRODUCT_NAME = "$(TARGET_NAME)";
				TEST_HOST = "$(BUILT_PRODUCTS_DIR)/A.R.C Computer Support.app/A.R.C Computer Support";
			};
			name = Release;
		};
		934CC9DF1CE00E6900DB84F7 /* Debug */ = {
			isa = XCBuildConfiguration;
			buildSettings = {
				INFOPLIST_FILE = "A.R.C Computer SupportUITests/Info.plist";
				LD_RUNPATH_SEARCH_PATHS = "$(inherited) @executable_path/Frameworks @loader_path/Frameworks";
				PRODUCT_BUNDLE_IDENTIFIER = "com.arc.A-R-C-Computer-SupportUITests";
				PRODUCT_NAME = "$(TARGET_NAME)";
				TEST_TARGET_NAME = "A.R.C Computer Support";
				USES_XCTRUNNER = YES;
			};
			name = Debug;
		};
		934CC9E01CE00E6900DB84F7 /* Release */ = {
			isa = XCBuildConfiguration;
			buildSettings = {
				INFOPLIST_FILE = "A.R.C Computer SupportUITests/Info.plist";
				LD_RUNPATH_SEARCH_PATHS = "$(inherited) @executable_path/Frameworks @loader_path/Frameworks";
				PRODUCT_BUNDLE_IDENTIFIER = "com.arc.A-R-C-Computer-SupportUITests";
				PRODUCT_NAME = "$(TARGET_NAME)";
				TEST_TARGET_NAME = "A.R.C Computer Support";
				USES_XCTRUNNER = YES;
			};
			name = Release;
		};
/* End XCBuildConfiguration section */

/* Begin XCConfigurationList section */
		934CC9AB1CE00E6800DB84F7 /* Build configuration list for PBXProject "A.R.C Computer Support" */ = {
			isa = XCConfigurationList;
			buildConfigurations = (
				934CC9D61CE00E6900DB84F7 /* Debug */,
				934CC9D71CE00E6900DB84F7 /* Release */,
			);
			defaultConfigurationIsVisible = 0;
			defaultConfigurationName = Release;
		};
		934CC9D81CE00E6900DB84F7 /* Build configuration list for PBXNativeTarget "A.R.C Computer Support" */ = {
			isa = XCConfigurationList;
			buildConfigurations = (
				934CC9D91CE00E6900DB84F7 /* Debug */,
				934CC9DA1CE00E6900DB84F7 /* Release */,
			);
			defaultConfigurationIsVisible = 0;
		};
		934CC9DB1CE00E6900DB84F7 /* Build configuration list for PBXNativeTarget "A.R.C Computer SupportTests" */ = {
			isa = XCConfigurationList;
			buildConfigurations = (
				934CC9DC1CE00E6900DB84F7 /* Debug */,
				934CC9DD1CE00E6900DB84F7 /* Release */,
			);
			defaultConfigurationIsVisible = 0;
		};
		934CC9DE1CE00E6900DB84F7 /* Build configuration list for PBXNativeTarget "A.R.C Computer SupportUITests" */ = {
			isa = XCConfigurationList;
			buildConfigurations = (
				934CC9DF1CE00E6900DB84F7 /* Debug */,
				934CC9E01CE00E6900DB84F7 /* Release */,
			);
			defaultConfigurationIsVisible = 0;
		};
/* End XCConfigurationList section */
	};
	rootObject = 934CC9A81CE00E6800DB84F7 /* Project object */;
}
